
Microsoft Visual Studio Solution File, Format Version 12.00
# Visual Studio Version 17
VisualStudioVersion = 17.9.34723.18
MinimumVisualStudioVersion = 10.0.40219.1
Project("{FAE04EC0-301F-11D3-BF4B-00C04F79EFBC}") = "CarouselViewDemo", "CarouselViewDemo.csproj", "{339E86BF-5E20-46AA-A749-8835073A3F90}"
EndProject
Global
	GlobalSection(SolutionConfigurationPlatforms) = preSolution
		Debug|Any CPU = Debug|Any CPU
		Release|Any CPU = Release|Any CPU
	EndGlobalSection
	GlobalSection(ProjectConfigurationPlatforms) = postSolution
		{339E86BF-5E20-46AA-A749-8835073A3F90}.Debug|Any CPU.ActiveCfg = Debug|Any CPU
		{339E86BF-5E20-46AA-A749-8835073A3F90}.Debug|Any CPU.Build.0 = Debug|Any CPU
		{339E86BF-5E20-46AA-A749-8835073A3F90}.Debug|Any CPU.Deploy.0 = Debug|Any CPU
		{339E86BF-5E20-46AA-A749-8835073A3F90}.Release|Any CPU.ActiveCfg = Release|Any CPU
		{339E86BF-5E20-46AA-A749-8835073A3F90}.Release|Any CPU.Build.0 = Release|Any CPU
		{339E86BF-5E20-46AA-A749-8835073A3F90}.Release|Any CPU.Deploy.0 = Release|Any CPU
	EndGlobalSection
	GlobalSection(SolutionProperties) = preSolution
		HideSolutionNode = FALSE
	EndGlobalSection
	GlobalSection(ExtensibilityGlobals) = postSolution
		SolutionGuid = {5ABA677B-FE8A-4259-A312-2B1388934DE1}
	EndGlobalSection
EndGlobal
